
Microsoft Visual Studio Solution File, Format Version 12.00
# Visual Studio Version 17
VisualStudioVersion = 17.4.33403.182
MinimumVisualStudioVersion = 10.0.40219.1
Project("{FAE04EC0-301F-11D3-BF4B-00C04F79EFBC}") = "SqlAttributeOrnek", "SqlAttributeOrnek\SqlAttributeOrnek.csproj", "{E00DCA15-D2B7-4EC0-8936-0370486E3155}"
EndProject
Global
	GlobalSection(SolutionConfigurationPlatforms) = preSolution
		Debug|Any CPU = Debug|Any CPU
		Release|Any CPU = Release|Any CPU
	EndGlobalSection
	GlobalSection(ProjectConfigurationPlatforms) = postSolution
		{E00DCA15-D2B7-4EC0-8936-0370486E3155}.Debug|Any CPU.ActiveCfg = Debug|Any CPU
		{E00DCA15-D2B7-4EC0-8936-0370486E3155}.Debug|Any CPU.Build.0 = Debug|Any CPU
		{E00DCA15-D2B7-4EC0-8936-0370486E3155}.Release|Any CPU.ActiveCfg = Release|Any CPU
		{E00DCA15-D2B7-4EC0-8936-0370486E3155}.Release|Any CPU.Build.0 = Release|Any CPU
	EndGlobalSection
	GlobalSection(SolutionProperties) = preSolution
		HideSolutionNode = FALSE
	EndGlobalSection
	GlobalSection(ExtensibilityGlobals) = postSolution
		SolutionGuid = {36DF662F-C4FE-4134-A7FA-D3915B83C498}
	EndGlobalSection
EndGlobal
